
Microsoft Visual Studio Solution File, Format Version 12.00
# Visual Studio Version 17
VisualStudioVersion = 17.7.34024.191
MinimumVisualStudioVersion = 10.0.40219.1
Project("{FAE04EC0-301F-11D3-BF4B-00C04F79EFBC}") = "C#ngay2", "C#ngay2\C#ngay2.csproj", "{C604F107-45AC-4623-95E6-7619E5F96215}"
EndProject
Global
	GlobalSection(SolutionConfigurationPlatforms) = preSolution
		Debug|Any CPU = Debug|Any CPU
		Release|Any CPU = Release|Any CPU
	EndGlobalSection
	GlobalSection(ProjectConfigurationPlatforms) = postSolution
		{C604F107-45AC-4623-95E6-7619E5F96215}.Debug|Any CPU.ActiveCfg = Debug|Any CPU
		{C604F107-45AC-4623-95E6-7619E5F96215}.Debug|Any CPU.Build.0 = Debug|Any CPU
		{C604F107-45AC-4623-95E6-7619E5F96215}.Release|Any CPU.ActiveCfg = Release|Any CPU
		{C604F107-45AC-4623-95E6-7619E5F96215}.Release|Any CPU.Build.0 = Release|Any CPU
	EndGlobalSection
	GlobalSection(SolutionProperties) = preSolution
		HideSolutionNode = FALSE
	EndGlobalSection
	GlobalSection(ExtensibilityGlobals) = postSolution
		SolutionGuid = {FE3B436D-2CB6-4397-951E-D904B948FFE8}
	EndGlobalSection
EndGlobal
